// !$*UTF8*$!
{
	archiveVersion = 1;
	classes = {
	};
	objectVersion = 55;
	objects = {

/* Begin PBXBuildFile section */
		300640D1273EF2F1004E36D4 /* ParkAPICaller.swift in Sources */ = {isa = PBXBuildFile; fileRef = 300640D0273EF2F1004E36D4 /* ParkAPICaller.swift */; };
		300640D3273EF336004E36D4 /* ParksAPIResponse.swift in Sources */ = {isa = PBXBuildFile; fileRef = 300640D2273EF336004E36D4 /* ParksAPIResponse.swift */; };
		3028DBAA271FC72A006FC73C /* AppDelegate.swift in Sources */ = {isa = PBXBuildFile; fileRef = 3028DBA9271FC72A006FC73C /* AppDelegate.swift */; };
		3028DBAC271FC72A006FC73C /* SceneDelegate.swift in Sources */ = {isa = PBXBuildFile; fileRef = 3028DBAB271FC72A006FC73C /* SceneDelegate.swift */; };
		3028DBB1271FC72A006FC73C /* Main.storyboard in Resources */ = {isa = PBXBuildFile; fileRef = 3028DBAF271FC72A006FC73C /* Main.storyboard */; };
		3028DBB3271FC72C006FC73C /* Assets.xcassets in Resources */ = {isa = PBXBuildFile; fileRef = 3028DBB2271FC72C006FC73C /* Assets.xcassets */; };
		3028DBB6271FC72C006FC73C /* LaunchScreen.storyboard in Resources */ = {isa = PBXBuildFile; fileRef = 3028DBB4271FC72C006FC73C /* LaunchScreen.storyboard */; };
		3028DBC1271FC72C006FC73C /* TrailviewTests.swift in Sources */ = {isa = PBXBuildFile; fileRef = 3028DBC0271FC72C006FC73C /* TrailviewTests.swift */; };
		3028DBCB271FC72C006FC73C /* TrailviewUITests.swift in Sources */ = {isa = PBXBuildFile; fileRef = 3028DBCA271FC72C006FC73C /* TrailviewUITests.swift */; };
		3028DBCD271FC72C006FC73C /* TrailviewUITestsLaunchTests.swift in Sources */ = {isa = PBXBuildFile; fileRef = 3028DBCC271FC72C006FC73C /* TrailviewUITestsLaunchTests.swift */; };
		307D28772739B72E0061C4F2 /* SignUpVC.swift in Sources */ = {isa = PBXBuildFile; fileRef = 307D28762739B72E0061C4F2 /* SignUpVC.swift */; };
		30EE4B07271FC83D002CFA45 /* README.md in Resources */ = {isa = PBXBuildFile; fileRef = 30EE4B06271FC83D002CFA45 /* README.md */; };
		30F436652739D54F00D9D315 /* TrailCell.swift in Sources */ = {isa = PBXBuildFile; fileRef = 30F436642739D54F00D9D315 /* TrailCell.swift */; };
		52D97595A0CB775DE887C050 /* Pods_TrailviewTests.framework in Frameworks */ = {isa = PBXBuildFile; fileRef = 58CDF7A1AC0829ED0B9C16AB /* Pods_TrailviewTests.framework */; };
		8718AFA7FF26D6A5B33859F8 /* Pods_Trailview_TrailviewUITests.framework in Frameworks */ = {isa = PBXBuildFile; fileRef = D41081A8E7ACC51107D6B9CD /* Pods_Trailview_TrailviewUITests.framework */; };
		B56C3836190849834337340C /* Pods_Trailview.framework in Frameworks */ = {isa = PBXBuildFile; fileRef = EC2145A2E13F6828E34D425F /* Pods_Trailview.framework */; };
		E24FACB82728E4D100E8BDB4 /* SignInVC.xib in Resources */ = {isa = PBXBuildFile; fileRef = E24FACB42728E4D100E8BDB4 /* SignInVC.xib */; };
		E24FACB92728E4D100E8BDB4 /* SignInVC.xib in Resources */ = {isa = PBXBuildFile; fileRef = E24FACB42728E4D100E8BDB4 /* SignInVC.xib */; };
		E24FACBA2728E4D100E8BDB4 /* SignInVC.xib in Resources */ = {isa = PBXBuildFile; fileRef = E24FACB42728E4D100E8BDB4 /* SignInVC.xib */; };
		E24FACBD2728E4E100E8BDB4 /* LogInVC.swift in Sources */ = {isa = PBXBuildFile; fileRef = E24FACBB2728E4E100E8BDB4 /* LogInVC.swift */; };
		E24FACBE2728E4E100E8BDB4 /* LogInVC.swift in Sources */ = {isa = PBXBuildFile; fileRef = E24FACBB2728E4E100E8BDB4 /* LogInVC.swift */; };
		E24FACBF2728E4E100E8BDB4 /* LogInVC.swift in Sources */ = {isa = PBXBuildFile; fileRef = E24FACBB2728E4E100E8BDB4 /* LogInVC.swift */; };
		E24FACC02728E4E100E8BDB4 /* LogInVC.xib in Resources */ = {isa = PBXBuildFile; fileRef = E24FACBC2728E4E100E8BDB4 /* LogInVC.xib */; };
		E24FACC12728E4E100E8BDB4 /* LogInVC.xib in Resources */ = {isa = PBXBuildFile; fileRef = E24FACBC2728E4E100E8BDB4 /* LogInVC.xib */; };
		E24FACC22728E4E100E8BDB4 /* LogInVC.xib in Resources */ = {isa = PBXBuildFile; fileRef = E24FACBC2728E4E100E8BDB4 /* LogInVC.xib */; };
		E24FACC52728E4F800E8BDB4 /* TrailListVC.swift in Sources */ = {isa = PBXBuildFile; fileRef = E24FACC32728E4F800E8BDB4 /* TrailListVC.swift */; };
		E24FACC62728E4F800E8BDB4 /* TrailListVC.swift in Sources */ = {isa = PBXBuildFile; fileRef = E24FACC32728E4F800E8BDB4 /* TrailListVC.swift */; };
		E24FACC72728E4F800E8BDB4 /* TrailListVC.swift in Sources */ = {isa = PBXBuildFile; fileRef = E24FACC32728E4F800E8BDB4 /* TrailListVC.swift */; };
		E24FACC82728E4F800E8BDB4 /* TrailListVC.xib in Resources */ = {isa = PBXBuildFile; fileRef = E24FACC42728E4F800E8BDB4 /* TrailListVC.xib */; };
		E24FACC92728E4F800E8BDB4 /* TrailListVC.xib in Resources */ = {isa = PBXBuildFile; fileRef = E24FACC42728E4F800E8BDB4 /* TrailListVC.xib */; };
		E24FACCA2728E4F800E8BDB4 /* TrailListVC.xib in Resources */ = {isa = PBXBuildFile; fileRef = E24FACC42728E4F800E8BDB4 /* TrailListVC.xib */; };
		E24FACCD2728E52700E8BDB4 /* TrailDetailViewVC.swift in Sources */ = {isa = PBXBuildFile; fileRef = E24FACCB2728E52700E8BDB4 /* TrailDetailViewVC.swift */; };
		E24FACCE2728E52700E8BDB4 /* TrailDetailViewVC.swift in Sources */ = {isa = PBXBuildFile; fileRef = E24FACCB2728E52700E8BDB4 /* TrailDetailViewVC.swift */; };
		E24FACCF2728E52700E8BDB4 /* TrailDetailViewVC.swift in Sources */ = {isa = PBXBuildFile; fileRef = E24FACCB2728E52700E8BDB4 /* TrailDetailViewVC.swift */; };
		E24FACD02728E52700E8BDB4 /* TrailDetailViewVC.xib in Resources */ = {isa = PBXBuildFile; fileRef = E24FACCC2728E52700E8BDB4 /* TrailDetailViewVC.xib */; };
		E24FACD12728E52700E8BDB4 /* TrailDetailViewVC.xib in Resources */ = {isa = PBXBuildFile; fileRef = E24FACCC2728E52700E8BDB4 /* TrailDetailViewVC.xib */; };
		E24FACD22728E52700E8BDB4 /* TrailDetailViewVC.xib in Resources */ = {isa = PBXBuildFile; fileRef = E24FACCC2728E52700E8BDB4 /* TrailDetailViewVC.xib */; };
		E24FACD92728E55700E8BDB4 /* MapVC.swift in Sources */ = {isa = PBXBuildFile; fileRef = E24FACD72728E55700E8BDB4 /* MapVC.swift */; };
		E24FACDA2728E55700E8BDB4 /* MapVC.swift in Sources */ = {isa = PBXBuildFile; fileRef = E24FACD72728E55700E8BDB4 /* MapVC.swift */; };
		E24FACDB2728E55700E8BDB4 /* MapVC.swift in Sources */ = {isa = PBXBuildFile; fileRef = E24FACD72728E55700E8BDB4 /* MapVC.swift */; };
		E24FACDC2728E55700E8BDB4 /* MapVC.xib in Resources */ = {isa = PBXBuildFile; fileRef = E24FACD82728E55700E8BDB4 /* MapVC.xib */; };
		E24FACDD2728E55700E8BDB4 /* MapVC.xib in Resources */ = {isa = PBXBuildFile; fileRef = E24FACD82728E55700E8BDB4 /* MapVC.xib */; };
		E24FACDE2728E55700E8BDB4 /* MapVC.xib in Resources */ = {isa = PBXBuildFile; fileRef = E24FACD82728E55700E8BDB4 /* MapVC.xib */; };
		E24FACE12728E56500E8BDB4 /* UserProfileVC.swift in Sources */ = {isa = PBXBuildFile; fileRef = E24FACDF2728E56500E8BDB4 /* UserProfileVC.swift */; };
		E24FACE22728E56500E8BDB4 /* UserProfileVC.swift in Sources */ = {isa = PBXBuildFile; fileRef = E24FACDF2728E56500E8BDB4 /* UserProfileVC.swift */; };
		E24FACE32728E56500E8BDB4 /* UserProfileVC.swift in Sources */ = {isa = PBXBuildFile; fileRef = E24FACDF2728E56500E8BDB4 /* UserProfileVC.swift */; };
		E24FACE42728E56500E8BDB4 /* UserProfileVC.xib in Resources */ = {isa = PBXBuildFile; fileRef = E24FACE02728E56500E8BDB4 /* UserProfileVC.xib */; };
		E24FACE52728E56500E8BDB4 /* UserProfileVC.xib in Resources */ = {isa = PBXBuildFile; fileRef = E24FACE02728E56500E8BDB4 /* UserProfileVC.xib */; };
		E24FACE62728E56500E8BDB4 /* UserProfileVC.xib in Resources */ = {isa = PBXBuildFile; fileRef = E24FACE02728E56500E8BDB4 /* UserProfileVC.xib */; };
		E24FACEA2728E57D00E8BDB4 /* SettingsVC.swift in Sources */ = {isa = PBXBuildFile; fileRef = E24FACE82728E57D00E8BDB4 /* SettingsVC.swift */; };
		E24FACEB2728E57D00E8BDB4 /* SettingsVC.swift in Sources */ = {isa = PBXBuildFile; fileRef = E24FACE82728E57D00E8BDB4 /* SettingsVC.swift */; };
		E24FACEC2728E57D00E8BDB4 /* SettingsVC.swift in Sources */ = {isa = PBXBuildFile; fileRef = E24FACE82728E57D00E8BDB4 /* SettingsVC.swift */; };
		E24FACED2728E57D00E8BDB4 /* SettingsVC.xib in Resources */ = {isa = PBXBuildFile; fileRef = E24FACE92728E57D00E8BDB4 /* SettingsVC.xib */; };
		E24FACEE2728E57D00E8BDB4 /* SettingsVC.xib in Resources */ = {isa = PBXBuildFile; fileRef = E24FACE92728E57D00E8BDB4 /* SettingsVC.xib */; };
		E24FACEF2728E57D00E8BDB4 /* SettingsVC.xib in Resources */ = {isa = PBXBuildFile; fileRef = E24FACE92728E57D00E8BDB4 /* SettingsVC.xib */; };
		E24FACF12728E64700E8BDB4 /* NetworkRequestHelper.swift in Sources */ = {isa = PBXBuildFile; fileRef = E24FACF02728E64700E8BDB4 /* NetworkRequestHelper.swift */; };
		E24FACF22728E64700E8BDB4 /* NetworkRequestHelper.swift in Sources */ = {isa = PBXBuildFile; fileRef = E24FACF02728E64700E8BDB4 /* NetworkRequestHelper.swift */; };
		E24FACF32728E64700E8BDB4 /* NetworkRequestHelper.swift in Sources */ = {isa = PBXBuildFile; fileRef = E24FACF02728E64700E8BDB4 /* NetworkRequestHelper.swift */; };
/* End PBXBuildFile section */

/* Begin PBXContainerItemProxy section */
		3028DBBD271FC72C006FC73C /* PBXContainerItemProxy */ = {
			isa = PBXContainerItemProxy;
			containerPortal = 3028DB9E271FC72A006FC73C /* Project object */;
			proxyType = 1;
			remoteGlobalIDString = 3028DBA5271FC72A006FC73C;
			remoteInfo = Trailview;
		};
		3028DBC7271FC72C006FC73C /* PBXContainerItemProxy */ = {
			isa = PBXContainerItemProxy;
			containerPortal = 3028DB9E271FC72A006FC73C /* Project object */;
			proxyType = 1;
			remoteGlobalIDString = 3028DBA5271FC72A006FC73C;
			remoteInfo = Trailview;
		};
/* End PBXContainerItemProxy section */

/* Begin PBXFileReference section */
		08B33A2CA725540F345379A9 /* Pods-TrailviewTests.release.xcconfig */ = {isa = PBXFileReference; includeInIndex = 1; lastKnownFileType = text.xcconfig; name = "Pods-TrailviewTests.release.xcconfig"; path = "Target Support Files/Pods-TrailviewTests/Pods-TrailviewTests.release.xcconfig"; sourceTree = "<group>"; };
		300640D0273EF2F1004E36D4 /* ParkAPICaller.swift */ = {isa = PBXFileReference; lastKnownFileType = sourcecode.swift; path = ParkAPICaller.swift; sourceTree = "<group>"; };
		300640D2273EF336004E36D4 /* ParksAPIResponse.swift */ = {isa = PBXFileReference; lastKnownFileType = sourcecode.swift; path = ParksAPIResponse.swift; sourceTree = "<group>"; };
		3028DBA6271FC72A006FC73C /* Trailview.app */ = {isa = PBXFileReference; explicitFileType = wrapper.application; includeInIndex = 0; path = Trailview.app; sourceTree = BUILT_PRODUCTS_DIR; };
		3028DBA9271FC72A006FC73C /* AppDelegate.swift */ = {isa = PBXFileReference; lastKnownFileType = sourcecode.swift; path = AppDelegate.swift; sourceTree = "<group>"; };
		3028DBAB271FC72A006FC73C /* SceneDelegate.swift */ = {isa = PBXFileReference; lastKnownFileType = sourcecode.swift; path = SceneDelegate.swift; sourceTree = "<group>"; };
		3028DBB0271FC72A006FC73C /* Base */ = {isa = PBXFileReference; lastKnownFileType = file.storyboard; name = Base; path = Base.lproj/Main.storyboard; sourceTree = "<group>"; };
		3028DBB2271FC72C006FC73C /* Assets.xcassets */ = {isa = PBXFileReference; lastKnownFileType = folder.assetcatalog; path = Assets.xcassets; sourceTree = "<group>"; };
		3028DBB5271FC72C006FC73C /* Base */ = {isa = PBXFileReference; lastKnownFileType = file.storyboard; name = Base; path = Base.lproj/LaunchScreen.storyboard; sourceTree = "<group>"; };
		3028DBB7271FC72C006FC73C /* Info.plist */ = {isa = PBXFileReference; lastKnownFileType = text.plist.xml; path = Info.plist; sourceTree = "<group>"; };
		3028DBBC271FC72C006FC73C /* TrailviewTests.xctest */ = {isa = PBXFileReference; explicitFileType = wrapper.cfbundle; includeInIndex = 0; path = TrailviewTests.xctest; sourceTree = BUILT_PRODUCTS_DIR; };
		3028DBC0271FC72C006FC73C /* TrailviewTests.swift */ = {isa = PBXFileReference; lastKnownFileType = sourcecode.swift; path = TrailviewTests.swift; sourceTree = "<group>"; };
		3028DBC6271FC72C006FC73C /* TrailviewUITests.xctest */ = {isa = PBXFileReference; explicitFileType = wrapper.cfbundle; includeInIndex = 0; path = TrailviewUITests.xctest; sourceTree = BUILT_PRODUCTS_DIR; };
		3028DBCA271FC72C006FC73C /* TrailviewUITests.swift */ = {isa = PBXFileReference; lastKnownFileType = sourcecode.swift; path = TrailviewUITests.swift; sourceTree = "<group>"; };
		3028DBCC271FC72C006FC73C /* TrailviewUITestsLaunchTests.swift */ = {isa = PBXFileReference; lastKnownFileType = sourcecode.swift; path = TrailviewUITestsLaunchTests.swift; sourceTree = "<group>"; };
		307D28762739B72E0061C4F2 /* SignUpVC.swift */ = {isa = PBXFileReference; lastKnownFileType = sourcecode.swift; path = SignUpVC.swift; sourceTree = "<group>"; };
		30EE4B06271FC83D002CFA45 /* README.md */ = {isa = PBXFileReference; fileEncoding = 4; lastKnownFileType = net.daringfireball.markdown; path = README.md; sourceTree = "<group>"; };
		30F436642739D54F00D9D315 /* TrailCell.swift */ = {isa = PBXFileReference; lastKnownFileType = sourcecode.swift; path = TrailCell.swift; sourceTree = "<group>"; };
		4A81BA892E30A52A99E4292E /* Pods-Trailview.debug.xcconfig */ = {isa = PBXFileReference; includeInIndex = 1; lastKnownFileType = text.xcconfig; name = "Pods-Trailview.debug.xcconfig"; path = "Target Support Files/Pods-Trailview/Pods-Trailview.debug.xcconfig"; sourceTree = "<group>"; };
		51870C728758A9F06CCB423F /* Pods-TrailviewTests.debug.xcconfig */ = {isa = PBXFileReference; includeInIndex = 1; lastKnownFileType = text.xcconfig; name = "Pods-TrailviewTests.debug.xcconfig"; path = "Target Support Files/Pods-TrailviewTests/Pods-TrailviewTests.debug.xcconfig"; sourceTree = "<group>"; };
		58CDF7A1AC0829ED0B9C16AB /* Pods_TrailviewTests.framework */ = {isa = PBXFileReference; explicitFileType = wrapper.framework; includeInIndex = 0; path = Pods_TrailviewTests.framework; sourceTree = BUILT_PRODUCTS_DIR; };
		8786BF886DE3678370778702 /* Pods-Trailview-TrailviewUITests.debug.xcconfig */ = {isa = PBXFileReference; includeInIndex = 1; lastKnownFileType = text.xcconfig; name = "Pods-Trailview-TrailviewUITests.debug.xcconfig"; path = "Target Support Files/Pods-Trailview-TrailviewUITests/Pods-Trailview-TrailviewUITests.debug.xcconfig"; sourceTree = "<group>"; };
		A70A2CE327B890238147B9ED /* Pods-Trailview-TrailviewUITests.release.xcconfig */ = {isa = PBXFileReference; includeInIndex = 1; lastKnownFileType = text.xcconfig; name = "Pods-Trailview-TrailviewUITests.release.xcconfig"; path = "Target Support Files/Pods-Trailview-TrailviewUITests/Pods-Trailview-TrailviewUITests.release.xcconfig"; sourceTree = "<group>"; };
		D41081A8E7ACC51107D6B9CD /* Pods_Trailview_TrailviewUITests.framework */ = {isa = PBXFileReference; explicitFileType = wrapper.framework; includeInIndex = 0; path = Pods_Trailview_TrailviewUITests.framework; sourceTree = BUILT_PRODUCTS_DIR; };
		E24FACB42728E4D100E8BDB4 /* SignInVC.xib */ = {isa = PBXFileReference; lastKnownFileType = file.xib; path = SignInVC.xib; sourceTree = "<group>"; };
		E24FACBB2728E4E100E8BDB4 /* LogInVC.swift */ = {isa = PBXFileReference; lastKnownFileType = sourcecode.swift; path = LogInVC.swift; sourceTree = "<group>"; };
		E24FACBC2728E4E100E8BDB4 /* LogInVC.xib */ = {isa = PBXFileReference; lastKnownFileType = file.xib; path = LogInVC.xib; sourceTree = "<group>"; };
		E24FACC32728E4F800E8BDB4 /* TrailListVC.swift */ = {isa = PBXFileReference; lastKnownFileType = sourcecode.swift; path = TrailListVC.swift; sourceTree = "<group>"; };
		E24FACC42728E4F800E8BDB4 /* TrailListVC.xib */ = {isa = PBXFileReference; lastKnownFileType = file.xib; path = TrailListVC.xib; sourceTree = "<group>"; };
		E24FACCB2728E52700E8BDB4 /* TrailDetailViewVC.swift */ = {isa = PBXFileReference; lastKnownFileType = sourcecode.swift; path = TrailDetailViewVC.swift; sourceTree = "<group>"; };
		E24FACCC2728E52700E8BDB4 /* TrailDetailViewVC.xib */ = {isa = PBXFileReference; lastKnownFileType = file.xib; path = TrailDetailViewVC.xib; sourceTree = "<group>"; };
		E24FACD72728E55700E8BDB4 /* MapVC.swift */ = {isa = PBXFileReference; lastKnownFileType = sourcecode.swift; path = MapVC.swift; sourceTree = "<group>"; };
		E24FACD82728E55700E8BDB4 /* MapVC.xib */ = {isa = PBXFileReference; lastKnownFileType = file.xib; path = MapVC.xib; sourceTree = "<group>"; };
		E24FACDF2728E56500E8BDB4 /* UserProfileVC.swift */ = {isa = PBXFileReference; lastKnownFileType = sourcecode.swift; path = UserProfileVC.swift; sourceTree = "<group>"; };
		E24FACE02728E56500E8BDB4 /* UserProfileVC.xib */ = {isa = PBXFileReference; lastKnownFileType = file.xib; path = UserProfileVC.xib; sourceTree = "<group>"; };
		E24FACE82728E57D00E8BDB4 /* SettingsVC.swift */ = {isa = PBXFileReference; lastKnownFileType = sourcecode.swift; path = SettingsVC.swift; sourceTree = "<group>"; };
		E24FACE92728E57D00E8BDB4 /* SettingsVC.xib */ = {isa = PBXFileReference; lastKnownFileType = file.xib; path = SettingsVC.xib; sourceTree = "<group>"; };
		E24FACF02728E64700E8BDB4 /* NetworkRequestHelper.swift */ = {isa = PBXFileReference; lastKnownFileType = sourcecode.swift; path = NetworkRequestHelper.swift; sourceTree = "<group>"; };
		E5133F6ABA36EED5A0C557FD /* Pods-Trailview.release.xcconfig */ = {isa = PBXFileReference; includeInIndex = 1; lastKnownFileType = text.xcconfig; name = "Pods-Trailview.release.xcconfig"; path = "Target Support Files/Pods-Trailview/Pods-Trailview.release.xcconfig"; sourceTree = "<group>"; };
		EC2145A2E13F6828E34D425F /* Pods_Trailview.framework */ = {isa = PBXFileReference; explicitFileType = wrapper.framework; includeInIndex = 0; path = Pods_Trailview.framework; sourceTree = BUILT_PRODUCTS_DIR; };
/* End PBXFileReference section */

/* Begin PBXFrameworksBuildPhase section */
		3028DBA3271FC72A006FC73C /* Frameworks */ = {
			isa = PBXFrameworksBuildPhase;
			buildActionMask = 2147483647;
			files = (
				B56C3836190849834337340C /* Pods_Trailview.framework in Frameworks */,
			);
			runOnlyForDeploymentPostprocessing = 0;
		};
		3028DBB9271FC72C006FC73C /* Frameworks */ = {
			isa = PBXFrameworksBuildPhase;
			buildActionMask = 2147483647;
			files = (
				52D97595A0CB775DE887C050 /* Pods_TrailviewTests.framework in Frameworks */,
			);
			runOnlyForDeploymentPostprocessing = 0;
		};
		3028DBC3271FC72C006FC73C /* Frameworks */ = {
			isa = PBXFrameworksBuildPhase;
			buildActionMask = 2147483647;
			files = (
				8718AFA7FF26D6A5B33859F8 /* Pods_Trailview_TrailviewUITests.framework in Frameworks */,
			);
			runOnlyForDeploymentPostprocessing = 0;
		};
/* End PBXFrameworksBuildPhase section */

/* Begin PBXGroup section */
		3028DB9D271FC72A006FC73C = {
			isa = PBXGroup;
			children = (
				30EE4B06271FC83D002CFA45 /* README.md */,
				3028DBA8271FC72A006FC73C /* Trailview */,
				3028DBBF271FC72C006FC73C /* TrailviewTests */,
				3028DBC9271FC72C006FC73C /* TrailviewUITests */,
				3028DBA7271FC72A006FC73C /* Products */,
				6711F73480B8DABEA307D8CE /* Pods */,
				3E881C02CF279A6403D2CF6C /* Frameworks */,
			);
			sourceTree = "<group>";
		};
		3028DBA7271FC72A006FC73C /* Products */ = {
			isa = PBXGroup;
			children = (
				3028DBA6271FC72A006FC73C /* Trailview.app */,
				3028DBBC271FC72C006FC73C /* TrailviewTests.xctest */,
				3028DBC6271FC72C006FC73C /* TrailviewUITests.xctest */,
			);
			name = Products;
			sourceTree = "<group>";
		};
		3028DBA8271FC72A006FC73C /* Trailview */ = {
			isa = PBXGroup;
			children = (
				E24FAC982728E3BB00E8BDB4 /* Configure */,
				E24FAC972728E3AF00E8BDB4 /* Helpers */,
				E24FAC932728E38700E8BDB4 /* Networking-Manager */,
				E24FAC962728E3A500E8BDB4 /* Model */,
				E24FAC952728E3A000E8BDB4 /* View */,
				E24FAC942728E39100E8BDB4 /* Controller */,
				E24FAC992728E3D800E8BDB4 /* Assets */,
			);
			path = Trailview;
			sourceTree = "<group>";
		};
		3028DBBF271FC72C006FC73C /* TrailviewTests */ = {
			isa = PBXGroup;
			children = (
				3028DBC0271FC72C006FC73C /* TrailviewTests.swift */,
			);
			path = TrailviewTests;
			sourceTree = "<group>";
		};
		3028DBC9271FC72C006FC73C /* TrailviewUITests */ = {
			isa = PBXGroup;
			children = (
				3028DBCA271FC72C006FC73C /* TrailviewUITests.swift */,
				3028DBCC271FC72C006FC73C /* TrailviewUITestsLaunchTests.swift */,
			);
			path = TrailviewUITests;
			sourceTree = "<group>";
		};
		3E881C02CF279A6403D2CF6C /* Frameworks */ = {
			isa = PBXGroup;
			children = (
				EC2145A2E13F6828E34D425F /* Pods_Trailview.framework */,
				D41081A8E7ACC51107D6B9CD /* Pods_Trailview_TrailviewUITests.framework */,
				58CDF7A1AC0829ED0B9C16AB /* Pods_TrailviewTests.framework */,
			);
			name = Frameworks;
			sourceTree = "<group>";
		};
		6711F73480B8DABEA307D8CE /* Pods */ = {
			isa = PBXGroup;
			children = (
				4A81BA892E30A52A99E4292E /* Pods-Trailview.debug.xcconfig */,
				E5133F6ABA36EED5A0C557FD /* Pods-Trailview.release.xcconfig */,
				8786BF886DE3678370778702 /* Pods-Trailview-TrailviewUITests.debug.xcconfig */,
				A70A2CE327B890238147B9ED /* Pods-Trailview-TrailviewUITests.release.xcconfig */,
				51870C728758A9F06CCB423F /* Pods-TrailviewTests.debug.xcconfig */,
				08B33A2CA725540F345379A9 /* Pods-TrailviewTests.release.xcconfig */,
			);
			path = Pods;
			sourceTree = "<group>";
		};
		E24FAC932728E38700E8BDB4 /* Networking-Manager */ = {
			isa = PBXGroup;
			children = (
				E24FACF02728E64700E8BDB4 /* NetworkRequestHelper.swift */,
				300640D0273EF2F1004E36D4 /* ParkAPICaller.swift */,
				300640D2273EF336004E36D4 /* ParksAPIResponse.swift */,
			);
			path = "Networking-Manager";
			sourceTree = "<group>";
		};
		E24FAC942728E39100E8BDB4 /* Controller */ = {
			isa = PBXGroup;
			children = (
				E24FACBB2728E4E100E8BDB4 /* LogInVC.swift */,
				30F436642739D54F00D9D315 /* TrailCell.swift */,
				E24FACC32728E4F800E8BDB4 /* TrailListVC.swift */,
				E24FACCB2728E52700E8BDB4 /* TrailDetailViewVC.swift */,
				307D28762739B72E0061C4F2 /* SignUpVC.swift */,
				E24FACD72728E55700E8BDB4 /* MapVC.swift */,
				E24FACDF2728E56500E8BDB4 /* UserProfileVC.swift */,
				E24FACE82728E57D00E8BDB4 /* SettingsVC.swift */,
			);
			path = Controller;
			sourceTree = "<group>";
		};
		E24FAC952728E3A000E8BDB4 /* View */ = {
			isa = PBXGroup;
			children = (
				E24FACA22728E45900E8BDB4 /* XIB */,
				3028DBB4271FC72C006FC73C /* LaunchScreen.storyboard */,
				3028DBAF271FC72A006FC73C /* Main.storyboard */,
			);
			path = View;
			sourceTree = "<group>";
		};
		E24FAC962728E3A500E8BDB4 /* Model */ = {
			isa = PBXGroup;
			children = (
			);
			path = Model;
			sourceTree = "<group>";
		};
		E24FAC972728E3AF00E8BDB4 /* Helpers */ = {
			isa = PBXGroup;
			children = (
			);
			path = Helpers;
			sourceTree = "<group>";
		};
		E24FAC982728E3BB00E8BDB4 /* Configure */ = {
			isa = PBXGroup;
			children = (
				3028DBB7271FC72C006FC73C /* Info.plist */,
				3028DBA9271FC72A006FC73C /* AppDelegate.swift */,
				3028DBAB271FC72A006FC73C /* SceneDelegate.swift */,
			);
			path = Configure;
			sourceTree = "<group>";
		};
		E24FAC992728E3D800E8BDB4 /* Assets */ = {
			isa = PBXGroup;
			children = (
				3028DBB2271FC72C006FC73C /* Assets.xcassets */,
			);
			path = Assets;
			sourceTree = "<group>";
		};
		E24FACA22728E45900E8BDB4 /* XIB */ = {
			isa = PBXGroup;
			children = (
				E24FACB42728E4D100E8BDB4 /* SignInVC.xib */,
				E24FACBC2728E4E100E8BDB4 /* LogInVC.xib */,
				E24FACC42728E4F800E8BDB4 /* TrailListVC.xib */,
				E24FACCC2728E52700E8BDB4 /* TrailDetailViewVC.xib */,
				E24FACD82728E55700E8BDB4 /* MapVC.xib */,
				E24FACE02728E56500E8BDB4 /* UserProfileVC.xib */,
				E24FACE92728E57D00E8BDB4 /* SettingsVC.xib */,
			);
			path = XIB;
			sourceTree = "<group>";
		};
/* End PBXGroup section */

/* Begin PBXNativeTarget section */
		3028DBA5271FC72A006FC73C /* Trailview */ = {
			isa = PBXNativeTarget;
			buildConfigurationList = 3028DBD0271FC72C006FC73C /* Build configuration list for PBXNativeTarget "Trailview" */;
			buildPhases = (
				DBA4DADAEE17299E2C60067A /* [CP] Check Pods Manifest.lock */,
				3028DBA2271FC72A006FC73C /* Sources */,
				3028DBA3271FC72A006FC73C /* Frameworks */,
				3028DBA4271FC72A006FC73C /* Resources */,
				0017F75233FB3DB21917E582 /* [CP] Embed Pods Frameworks */,
			);
			buildRules = (
			);
			dependencies = (
			);
			name = Trailview;
			productName = Trailview;
			productReference = 3028DBA6271FC72A006FC73C /* Trailview.app */;
			productType = "com.apple.product-type.application";
		};
		3028DBBB271FC72C006FC73C /* TrailviewTests */ = {
			isa = PBXNativeTarget;
			buildConfigurationList = 3028DBD3271FC72C006FC73C /* Build configuration list for PBXNativeTarget "TrailviewTests" */;
			buildPhases = (
				D9A3443662F50B636E16534B /* [CP] Check Pods Manifest.lock */,
				3028DBB8271FC72C006FC73C /* Sources */,
				3028DBB9271FC72C006FC73C /* Frameworks */,
				3028DBBA271FC72C006FC73C /* Resources */,
			);
			buildRules = (
			);
			dependencies = (
				3028DBBE271FC72C006FC73C /* PBXTargetDependency */,
			);
			name = TrailviewTests;
			productName = TrailviewTests;
			productReference = 3028DBBC271FC72C006FC73C /* TrailviewTests.xctest */;
			productType = "com.apple.product-type.bundle.unit-test";
		};
		3028DBC5271FC72C006FC73C /* TrailviewUITests */ = {
			isa = PBXNativeTarget;
			buildConfigurationList = 3028DBD6271FC72C006FC73C /* Build configuration list for PBXNativeTarget "TrailviewUITests" */;
			buildPhases = (
				76AC6B6090803D010959D20F /* [CP] Check Pods Manifest.lock */,
				3028DBC2271FC72C006FC73C /* Sources */,
				3028DBC3271FC72C006FC73C /* Frameworks */,
				3028DBC4271FC72C006FC73C /* Resources */,
				5D1E6383ED89F7CB625479B9 /* [CP] Embed Pods Frameworks */,
			);
			buildRules = (
			);
			dependencies = (
				3028DBC8271FC72C006FC73C /* PBXTargetDependency */,
			);
			name = TrailviewUITests;
			productName = TrailviewUITests;
			productReference = 3028DBC6271FC72C006FC73C /* TrailviewUITests.xctest */;
			productType = "com.apple.product-type.bundle.ui-testing";
		};
/* End PBXNativeTarget section */

/* Begin PBXProject section */
		3028DB9E271FC72A006FC73C /* Project object */ = {
			isa = PBXProject;
			attributes = {
				BuildIndependentTargetsInParallel = 1;
				LastSwiftUpdateCheck = 1300;
				LastUpgradeCheck = 1300;
				TargetAttributes = {
					3028DBA5271FC72A006FC73C = {
						CreatedOnToolsVersion = 13.0;
					};
					3028DBBB271FC72C006FC73C = {
						CreatedOnToolsVersion = 13.0;
						TestTargetID = 3028DBA5271FC72A006FC73C;
					};
					3028DBC5271FC72C006FC73C = {
						CreatedOnToolsVersion = 13.0;
						TestTargetID = 3028DBA5271FC72A006FC73C;
					};
				};
			};
			buildConfigurationList = 3028DBA1271FC72A006FC73C /* Build configuration list for PBXProject "Trailview" */;
			compatibilityVersion = "Xcode 13.0";
			developmentRegion = en;
			hasScannedForEncodings = 0;
			knownRegions = (
				en,
				Base,
			);
			mainGroup = 3028DB9D271FC72A006FC73C;
			productRefGroup = 3028DBA7271FC72A006FC73C /* Products */;
			projectDirPath = "";
			projectRoot = "";
			targets = (
				3028DBA5271FC72A006FC73C /* Trailview */,
				3028DBBB271FC72C006FC73C /* TrailviewTests */,
				3028DBC5271FC72C006FC73C /* TrailviewUITests */,
			);
		};
/* End PBXProject section */

/* Begin PBXResourcesBuildPhase section */
		3028DBA4271FC72A006FC73C /* Resources */ = {
			isa = PBXResourcesBuildPhase;
			buildActionMask = 2147483647;
			files = (
				E24FACB82728E4D100E8BDB4 /* SignInVC.xib in Resources */,
				E24FACD02728E52700E8BDB4 /* TrailDetailViewVC.xib in Resources */,
				3028DBB6271FC72C006FC73C /* LaunchScreen.storyboard in Resources */,
				3028DBB3271FC72C006FC73C /* Assets.xcassets in Resources */,
				E24FACED2728E57D00E8BDB4 /* SettingsVC.xib in Resources */,
				30EE4B07271FC83D002CFA45 /* README.md in Resources */,
				E24FACE42728E56500E8BDB4 /* UserProfileVC.xib in Resources */,
				E24FACC02728E4E100E8BDB4 /* LogInVC.xib in Resources */,
				3028DBB1271FC72A006FC73C /* Main.storyboard in Resources */,
				E24FACDC2728E55700E8BDB4 /* MapVC.xib in Resources */,
				E24FACC82728E4F800E8BDB4 /* TrailListVC.xib in Resources */,
			);
			runOnlyForDeploymentPostprocessing = 0;
		};
		3028DBBA271FC72C006FC73C /* Resources */ = {
			isa = PBXResourcesBuildPhase;
			buildActionMask = 2147483647;
			files = (
				E24FACC92728E4F800E8BDB4 /* TrailListVC.xib in Resources */,
				E24FACD12728E52700E8BDB4 /* TrailDetailViewVC.xib in Resources */,
				E24FACC12728E4E100E8BDB4 /* LogInVC.xib in Resources */,
				E24FACDD2728E55700E8BDB4 /* MapVC.xib in Resources */,
				E24FACEE2728E57D00E8BDB4 /* SettingsVC.xib in Resources */,
				E24FACB92728E4D100E8BDB4 /* SignInVC.xib in Resources */,
				E24FACE52728E56500E8BDB4 /* UserProfileVC.xib in Resources */,
			);
			runOnlyForDeploymentPostprocessing = 0;
		};
		3028DBC4271FC72C006FC73C /* Resources */ = {
			isa = PBXResourcesBuildPhase;
			buildActionMask = 2147483647;
			files = (
				E24FACCA2728E4F800E8BDB4 /* TrailListVC.xib in Resources */,
				E24FACD22728E52700E8BDB4 /* TrailDetailViewVC.xib in Resources */,
				E24FACC22728E4E100E8BDB4 /* LogInVC.xib in Resources */,
				E24FACDE2728E55700E8BDB4 /* MapVC.xib in Resources */,
				E24FACEF2728E57D00E8BDB4 /* SettingsVC.xib in Resources */,
				E24FACBA2728E4D100E8BDB4 /* SignInVC.xib in Resources */,
				E24FACE62728E56500E8BDB4 /* UserProfileVC.xib in Resources */,
			);
			runOnlyForDeploymentPostprocessing = 0;
		};
/* End PBXResourcesBuildPhase section */

/* Begin PBXShellScriptBuildPhase section */
		0017F75233FB3DB21917E582 /* [CP] Embed Pods Frameworks */ = {
			isa = PBXShellScriptBuildPhase;
			buildActionMask = 2147483647;
			files = (
			);
			inputFileListPaths = (
				"${PODS_ROOT}/Target Support Files/Pods-Trailview/Pods-Trailview-frameworks-${CONFIGURATION}-input-files.xcfilelist",
			);
			name = "[CP] Embed Pods Frameworks";
			outputFileListPaths = (
				"${PODS_ROOT}/Target Support Files/Pods-Trailview/Pods-Trailview-frameworks-${CONFIGURATION}-output-files.xcfilelist",
			);
			runOnlyForDeploymentPostprocessing = 0;
			shellPath = /bin/sh;
			shellScript = "\"${PODS_ROOT}/Target Support Files/Pods-Trailview/Pods-Trailview-frameworks.sh\"\n";
			showEnvVarsInLog = 0;
		};
		5D1E6383ED89F7CB625479B9 /* [CP] Embed Pods Frameworks */ = {
			isa = PBXShellScriptBuildPhase;
			buildActionMask = 2147483647;
			files = (
			);
			inputFileListPaths = (
				"${PODS_ROOT}/Target Support Files/Pods-Trailview-TrailviewUITests/Pods-Trailview-TrailviewUITests-frameworks-${CONFIGURATION}-input-files.xcfilelist",
			);
			name = "[CP] Embed Pods Frameworks";
			outputFileListPaths = (
				"${PODS_ROOT}/Target Support Files/Pods-Trailview-TrailviewUITests/Pods-Trailview-TrailviewUITests-frameworks-${CONFIGURATION}-output-files.xcfilelist",
			);
			runOnlyForDeploymentPostprocessing = 0;
			shellPath = /bin/sh;
			shellScript = "\"${PODS_ROOT}/Target Support Files/Pods-Trailview-TrailviewUITests/Pods-Trailview-TrailviewUITests-frameworks.sh\"\n";
			showEnvVarsInLog = 0;
		};
		76AC6B6090803D010959D20F /* [CP] Check Pods Manifest.lock */ = {
			isa = PBXShellScriptBuildPhase;
			buildActionMask = 2147483647;
			files = (
			);
			inputFileListPaths = (
			);
			inputPaths = (
				"${PODS_PODFILE_DIR_PATH}/Podfile.lock",
				"${PODS_ROOT}/Manifest.lock",
			);
			name = "[CP] Check Pods Manifest.lock";
			outputFileListPaths = (
			);
			outputPaths = (
				"$(DERIVED_FILE_DIR)/Pods-Trailview-TrailviewUITests-checkManifestLockResult.txt",
			);
			runOnlyForDeploymentPostprocessing = 0;
			shellPath = /bin/sh;
			shellScript = "diff \"${PODS_PODFILE_DIR_PATH}/Podfile.lock\" \"${PODS_ROOT}/Manifest.lock\" > /dev/null\nif [ $? != 0 ] ; then\n    # print error to STDERR\n    echo \"error: The sandbox is not in sync with the Podfile.lock. Run 'pod install' or update your CocoaPods installation.\" >&2\n    exit 1\nfi\n# This output is used by Xcode 'outputs' to avoid re-running this script phase.\necho \"SUCCESS\" > \"${SCRIPT_OUTPUT_FILE_0}\"\n";
			showEnvVarsInLog = 0;
		};
		D9A3443662F50B636E16534B /* [CP] Check Pods Manifest.lock */ = {
			isa = PBXShellScriptBuildPhase;
			buildActionMask = 2147483647;
			files = (
			);
			inputFileListPaths = (
			);
			inputPaths = (
				"${PODS_PODFILE_DIR_PATH}/Podfile.lock",
				"${PODS_ROOT}/Manifest.lock",
			);
			name = "[CP] Check Pods Manifest.lock";
			outputFileListPaths = (
			);
			outputPaths = (
				"$(DERIVED_FILE_DIR)/Pods-TrailviewTests-checkManifestLockResult.txt",
			);
			runOnlyForDeploymentPostprocessing = 0;
			shellPath = /bin/sh;
			shellScript = "diff \"${PODS_PODFILE_DIR_PATH}/Podfile.lock\" \"${PODS_ROOT}/Manifest.lock\" > /dev/null\nif [ $? != 0 ] ; then\n    # print error to STDERR\n    echo \"error: The sandbox is not in sync with the Podfile.lock. Run 'pod install' or update your CocoaPods installation.\" >&2\n    exit 1\nfi\n# This output is used by Xcode 'outputs' to avoid re-running this script phase.\necho \"SUCCESS\" > \"${SCRIPT_OUTPUT_FILE_0}\"\n";
			showEnvVarsInLog = 0;
		};
		DBA4DADAEE17299E2C60067A /* [CP] Check Pods Manifest.lock */ = {
			isa = PBXShellScriptBuildPhase;
			buildActionMask = 2147483647;
			files = (
			);
			inputFileListPaths = (
			);
			inputPaths = (
				"${PODS_PODFILE_DIR_PATH}/Podfile.lock",
				"${PODS_ROOT}/Manifest.lock",
			);
			name = "[CP] Check Pods Manifest.lock";
			outputFileListPaths = (
			);
			outputPaths = (
				"$(DERIVED_FILE_DIR)/Pods-Trailview-checkManifestLockResult.txt",
			);
			runOnlyForDeploymentPostprocessing = 0;
			shellPath = /bin/sh;
			shellScript = "diff \"${PODS_PODFILE_DIR_PATH}/Podfile.lock\" \"${PODS_ROOT}/Manifest.lock\" > /dev/null\nif [ $? != 0 ] ; then\n    # print error to STDERR\n    echo \"error: The sandbox is not in sync with the Podfile.lock. Run 'pod install' or update your CocoaPods installation.\" >&2\n    exit 1\nfi\n# This output is used by Xcode 'outputs' to avoid re-running this script phase.\necho \"SUCCESS\" > \"${SCRIPT_OUTPUT_FILE_0}\"\n";
			showEnvVarsInLog = 0;
		};
/* End PBXShellScriptBuildPhase section */

/* Begin PBXSourcesBuildPhase section */
		3028DBA2271FC72A006FC73C /* Sources */ = {
			isa = PBXSourcesBuildPhase;
			buildActionMask = 2147483647;
			files = (
				E24FACCD2728E52700E8BDB4 /* TrailDetailViewVC.swift in Sources */,
				300640D1273EF2F1004E36D4 /* ParkAPICaller.swift in Sources */,
				E24FACC52728E4F800E8BDB4 /* TrailListVC.swift in Sources */,
				3028DBAA271FC72A006FC73C /* AppDelegate.swift in Sources */,
				E24FACE12728E56500E8BDB4 /* UserProfileVC.swift in Sources */,
				30F436652739D54F00D9D315 /* TrailCell.swift in Sources */,
				E24FACD92728E55700E8BDB4 /* MapVC.swift in Sources */,
				E24FACBD2728E4E100E8BDB4 /* LogInVC.swift in Sources */,
				300640D3273EF336004E36D4 /* ParksAPIResponse.swift in Sources */,
				3028DBAC271FC72A006FC73C /* SceneDelegate.swift in Sources */,
				E24FACEA2728E57D00E8BDB4 /* SettingsVC.swift in Sources */,
				307D28772739B72E0061C4F2 /* SignUpVC.swift in Sources */,
				E24FACF12728E64700E8BDB4 /* NetworkRequestHelper.swift in Sources */,
			);
			runOnlyForDeploymentPostprocessing = 0;
		};
		3028DBB8271FC72C006FC73C /* Sources */ = {
			isa = PBXSourcesBuildPhase;
			buildActionMask = 2147483647;
			files = (
				E24FACDA2728E55700E8BDB4 /* MapVC.swift in Sources */,
				E24FACF22728E64700E8BDB4 /* NetworkRequestHelper.swift in Sources */,
				E24FACE22728E56500E8BDB4 /* UserProfileVC.swift in Sources */,
				E24FACC62728E4F800E8BDB4 /* TrailListVC.swift in Sources */,
				3028DBC1271FC72C006FC73C /* TrailviewTests.swift in Sources */,
				E24FACEB2728E57D00E8BDB4 /* SettingsVC.swift in Sources */,
				E24FACBE2728E4E100E8BDB4 /* LogInVC.swift in Sources */,
				E24FACCE2728E52700E8BDB4 /* TrailDetailViewVC.swift in Sources */,
			);
			runOnlyForDeploymentPostprocessing = 0;
		};
		3028DBC2271FC72C006FC73C /* Sources */ = {
			isa = PBXSourcesBuildPhase;
			buildActionMask = 2147483647;
			files = (
				E24FACF32728E64700E8BDB4 /* NetworkRequestHelper.swift in Sources */,
				3028DBCD271FC72C006FC73C /* TrailviewUITestsLaunchTests.swift in Sources */,
				E24FACCF2728E52700E8BDB4 /* TrailDetailViewVC.swift in Sources */,
				3028DBCB271FC72C006FC73C /* TrailviewUITests.swift in Sources */,
				E24FACBF2728E4E100E8BDB4 /* LogInVC.swift in Sources */,
				E24FACDB2728E55700E8BDB4 /* MapVC.swift in Sources */,
				E24FACC72728E4F800E8BDB4 /* TrailListVC.swift in Sources */,
				E24FACE32728E56500E8BDB4 /* UserProfileVC.swift in Sources */,
				E24FACEC2728E57D00E8BDB4 /* SettingsVC.swift in Sources */,
			);
			runOnlyForDeploymentPostprocessing = 0;
		};
/* End PBXSourcesBuildPhase section */

/* Begin PBXTargetDependency section */
		3028DBBE271FC72C006FC73C /* PBXTargetDependency */ = {
			isa = PBXTargetDependency;
			target = 3028DBA5271FC72A006FC73C /* Trailview */;
			targetProxy = 3028DBBD271FC72C006FC73C /* PBXContainerItemProxy */;
		};
		3028DBC8271FC72C006FC73C /* PBXTargetDependency */ = {
			isa = PBXTargetDependency;
			target = 3028DBA5271FC72A006FC73C /* Trailview */;
			targetProxy = 3028DBC7271FC72C006FC73C /* PBXContainerItemProxy */;
		};
/* End PBXTargetDependency section */

/* Begin PBXVariantGroup section */
		3028DBAF271FC72A006FC73C /* Main.storyboard */ = {
			isa = PBXVariantGroup;
			children = (
				3028DBB0271FC72A006FC73C /* Base */,
			);
			name = Main.storyboard;
			sourceTree = "<group>";
		};
		3028DBB4271FC72C006FC73C /* LaunchScreen.storyboard */ = {
			isa = PBXVariantGroup;
			children = (
				3028DBB5271FC72C006FC73C /* Base */,
			);
			name = LaunchScreen.storyboard;
			sourceTree = "<group>";
		};
/* End PBXVariantGroup section */

/* Begin XCBuildConfiguration section */
		3028DBCE271FC72C006FC73C /* Debug */ = {
			isa = XCBuildConfiguration;
			buildSettings = {
				ALWAYS_SEARCH_USER_PATHS = NO;
				CLANG_ANALYZER_NONNULL = YES;
				CLANG_ANALYZER_NUMBER_OBJECT_CONVERSION = YES_AGGRESSIVE;
				CLANG_CXX_LANGUAGE_STANDARD = "gnu++17";
				CLANG_CXX_LIBRARY = "libc++";
				CLANG_ENABLE_MODULES = YES;
				CLANG_ENABLE_OBJC_ARC = YES;
				CLANG_ENABLE_OBJC_WEAK = YES;
				CLANG_WARN_BLOCK_CAPTURE_AUTORELEASING = YES;
				CLANG_WARN_BOOL_CONVERSION = YES;
				CLANG_WARN_COMMA = YES;
				CLANG_WARN_CONSTANT_CONVERSION = YES;
				CLANG_WARN_DEPRECATED_OBJC_IMPLEMENTATIONS = YES;
				CLANG_WARN_DIRECT_OBJC_ISA_USAGE = YES_ERROR;
				CLANG_WARN_DOCUMENTATION_COMMENTS = YES;
				CLANG_WARN_EMPTY_BODY = YES;
				CLANG_WARN_ENUM_CONVERSION = YES;
				CLANG_WARN_INFINITE_RECURSION = YES;
				CLANG_WARN_INT_CONVERSION = YES;
				CLANG_WARN_NON_LITERAL_NULL_CONVERSION = YES;
				CLANG_WARN_OBJC_IMPLICIT_RETAIN_SELF = YES;
				CLANG_WARN_OBJC_LITERAL_CONVERSION = YES;
				CLANG_WARN_OBJC_ROOT_CLASS = YES_ERROR;
				CLANG_WARN_QUOTED_INCLUDE_IN_FRAMEWORK_HEADER = YES;
				CLANG_WARN_RANGE_LOOP_ANALYSIS = YES;
				CLANG_WARN_STRICT_PROTOTYPES = YES;
				CLANG_WARN_SUSPICIOUS_MOVE = YES;
				CLANG_WARN_UNGUARDED_AVAILABILITY = YES_AGGRESSIVE;
				CLANG_WARN_UNREACHABLE_CODE = YES;
				CLANG_WARN__DUPLICATE_METHOD_MATCH = YES;
				COPY_PHASE_STRIP = NO;
				DEBUG_INFORMATION_FORMAT = dwarf;
				ENABLE_STRICT_OBJC_MSGSEND = YES;
				ENABLE_TESTABILITY = YES;
				GCC_C_LANGUAGE_STANDARD = gnu11;
				GCC_DYNAMIC_NO_PIC = NO;
				GCC_NO_COMMON_BLOCKS = YES;
				GCC_OPTIMIZATION_LEVEL = 0;
				GCC_PREPROCESSOR_DEFINITIONS = (
					"DEBUG=1",
					"$(inherited)",
				);
				GCC_WARN_64_TO_32_BIT_CONVERSION = YES;
				GCC_WARN_ABOUT_RETURN_TYPE = YES_ERROR;
				GCC_WARN_UNDECLARED_SELECTOR = YES;
				GCC_WARN_UNINITIALIZED_AUTOS = YES_AGGRESSIVE;
				GCC_WARN_UNUSED_FUNCTION = YES;
				GCC_WARN_UNUSED_VARIABLE = YES;
				IPHONEOS_DEPLOYMENT_TARGET = 15.0;
				MTL_ENABLE_DEBUG_INFO = INCLUDE_SOURCE;
				MTL_FAST_MATH = YES;
				ONLY_ACTIVE_ARCH = YES;
				SDKROOT = iphoneos;
				SWIFT_ACTIVE_COMPILATION_CONDITIONS = DEBUG;
				SWIFT_OPTIMIZATION_LEVEL = "-Onone";
			};
			name = Debug;
		};
		3028DBCF271FC72C006FC73C /* Release */ = {
			isa = XCBuildConfiguration;
			buildSettings = {
				ALWAYS_SEARCH_USER_PATHS = NO;
				CLANG_ANALYZER_NONNULL = YES;
				CLANG_ANALYZER_NUMBER_OBJECT_CONVERSION = YES_AGGRESSIVE;
				CLANG_CXX_LANGUAGE_STANDARD = "gnu++17";
				CLANG_CXX_LIBRARY = "libc++";
				CLANG_ENABLE_MODULES = YES;
				CLANG_ENABLE_OBJC_ARC = YES;
				CLANG_ENABLE_OBJC_WEAK = YES;
				CLANG_WARN_BLOCK_CAPTURE_AUTORELEASING = YES;
				CLANG_WARN_BOOL_CONVERSION = YES;
				CLANG_WARN_COMMA = YES;
				CLANG_WARN_CONSTANT_CONVERSION = YES;
				CLANG_WARN_DEPRECATED_OBJC_IMPLEMENTATIONS = YES;
				CLANG_WARN_DIRECT_OBJC_ISA_USAGE = YES_ERROR;
				CLANG_WARN_DOCUMENTATION_COMMENTS = YES;
				CLANG_WARN_EMPTY_BODY = YES;
				CLANG_WARN_ENUM_CONVERSION = YES;
				CLANG_WARN_INFINITE_RECURSION = YES;
				CLANG_WARN_INT_CONVERSION = YES;
				CLANG_WARN_NON_LITERAL_NULL_CONVERSION = YES;
				CLANG_WARN_OBJC_IMPLICIT_RETAIN_SELF = YES;
				CLANG_WARN_OBJC_LITERAL_CONVERSION = YES;
				CLANG_WARN_OBJC_ROOT_CLASS = YES_ERROR;
				CLANG_WARN_QUOTED_INCLUDE_IN_FRAMEWORK_HEADER = YES;
				CLANG_WARN_RANGE_LOOP_ANALYSIS = YES;
				CLANG_WARN_STRICT_PROTOTYPES = YES;
				CLANG_WARN_SUSPICIOUS_MOVE = YES;
				CLANG_WARN_UNGUARDED_AVAILABILITY = YES_AGGRESSIVE;
				CLANG_WARN_UNREACHABLE_CODE = YES;
				CLANG_WARN__DUPLICATE_METHOD_MATCH = YES;
				COPY_PHASE_STRIP = NO;
				DEBUG_INFORMATION_FORMAT = "dwarf-with-dsym";
				ENABLE_NS_ASSERTIONS = NO;
				ENABLE_STRICT_OBJC_MSGSEND = YES;
				GCC_C_LANGUAGE_STANDARD = gnu11;
				GCC_NO_COMMON_BLOCKS = YES;
				GCC_WARN_64_TO_32_BIT_CONVERSION = YES;
				GCC_WARN_ABOUT_RETURN_TYPE = YES_ERROR;
				GCC_WARN_UNDECLARED_SELECTOR = YES;
				GCC_WARN_UNINITIALIZED_AUTOS = YES_AGGRESSIVE;
				GCC_WARN_UNUSED_FUNCTION = YES;
				GCC_WARN_UNUSED_VARIABLE = YES;
				IPHONEOS_DEPLOYMENT_TARGET = 15.0;
				MTL_ENABLE_DEBUG_INFO = NO;
				MTL_FAST_MATH = YES;
				SDKROOT = iphoneos;
				SWIFT_COMPILATION_MODE = wholemodule;
				SWIFT_OPTIMIZATION_LEVEL = "-O";
				VALIDATE_PRODUCT = YES;
			};
			name = Release;
		};
		3028DBD1271FC72C006FC73C /* Debug */ = {
			isa = XCBuildConfiguration;
			baseConfigurationReference = 4A81BA892E30A52A99E4292E /* Pods-Trailview.debug.xcconfig */;
			buildSettings = {
				ASSETCATALOG_COMPILER_APPICON_NAME = AppIcon;
				ASSETCATALOG_COMPILER_GLOBAL_ACCENT_COLOR_NAME = AccentColor;
				CODE_SIGN_STYLE = Automatic;
				CURRENT_PROJECT_VERSION = 1;
				DEVELOPMENT_TEAM = UVQYKH2P86;
				GENERATE_INFOPLIST_FILE = YES;
				INFOPLIST_FILE = Trailview/Configure/Info.plist;
				INFOPLIST_KEY_UIApplicationSupportsIndirectInputEvents = YES;
				INFOPLIST_KEY_UILaunchStoryboardName = LaunchScreen;
				INFOPLIST_KEY_UIMainStoryboardFile = Main;
				INFOPLIST_KEY_UISupportedInterfaceOrientations_iPad = "UIInterfaceOrientationPortrait UIInterfaceOrientationPortraitUpsideDown UIInterfaceOrientationLandscapeLeft UIInterfaceOrientationLandscapeRight";
				INFOPLIST_KEY_UISupportedInterfaceOrientations_iPhone = "UIInterfaceOrientationPortrait UIInterfaceOrientationLandscapeLeft UIInterfaceOrientationLandscapeRight";
				LD_RUNPATH_SEARCH_PATHS = (
					"$(inherited)",
					"@executable_path/Frameworks",
				);
				MARKETING_VERSION = 1.0;
				PRODUCT_BUNDLE_IDENTIFIER = com.reidstrange.Trailview;
				PRODUCT_NAME = "$(TARGET_NAME)";
				SWIFT_EMIT_LOC_STRINGS = YES;
				SWIFT_VERSION = 5.0;
				TARGETED_DEVICE_FAMILY = "1,2";
			};
			name = Debug;
		};
		3028DBD2271FC72C006FC73C /* Release */ = {
			isa = XCBuildConfiguration;
			baseConfigurationReference = E5133F6ABA36EED5A0C557FD /* Pods-Trailview.release.xcconfig */;
			buildSettings = {
				ASSETCATALOG_COMPILER_APPICON_NAME = AppIcon;
				ASSETCATALOG_COMPILER_GLOBAL_ACCENT_COLOR_NAME = AccentColor;
				CODE_SIGN_STYLE = Automatic;
				CURRENT_PROJECT_VERSION = 1;
				DEVELOPMENT_TEAM = UVQYKH2P86;
				GENERATE_INFOPLIST_FILE = YES;
				INFOPLIST_FILE = Trailview/Configure/Info.plist;
				INFOPLIST_KEY_UIApplicationSupportsIndirectInputEvents = YES;
				INFOPLIST_KEY_UILaunchStoryboardName = LaunchScreen;
				INFOPLIST_KEY_UIMainStoryboardFile = Main;
				INFOPLIST_KEY_UISupportedInterfaceOrientations_iPad = "UIInterfaceOrientationPortrait UIInterfaceOrientationPortraitUpsideDown UIInterfaceOrientationLandscapeLeft UIInterfaceOrientationLandscapeRight";
				INFOPLIST_KEY_UISupportedInterfaceOrientations_iPhone = "UIInterfaceOrientationPortrait UIInterfaceOrientationLandscapeLeft UIInterfaceOrientationLandscapeRight";
				LD_RUNPATH_SEARCH_PATHS = (
					"$(inherited)",
					"@executable_path/Frameworks",
				);
				MARKETING_VERSION = 1.0;
				PRODUCT_BUNDLE_IDENTIFIER = com.reidstrange.Trailview;
				PRODUCT_NAME = "$(TARGET_NAME)";
				SWIFT_EMIT_LOC_STRINGS = YES;
				SWIFT_VERSION = 5.0;
				TARGETED_DEVICE_FAMILY = "1,2";
			};
			name = Release;
		};
		3028DBD4271FC72C006FC73C /* Debug */ = {
			isa = XCBuildConfiguration;
			baseConfigurationReference = 51870C728758A9F06CCB423F /* Pods-TrailviewTests.debug.xcconfig */;
			buildSettings = {
				ALWAYS_EMBED_SWIFT_STANDARD_LIBRARIES = YES;
				BUNDLE_LOADER = "$(TEST_HOST)";
				CODE_SIGN_STYLE = Automatic;
				CURRENT_PROJECT_VERSION = 1;
				DEVELOPMENT_TEAM = UVQYKH2P86;
				GENERATE_INFOPLIST_FILE = YES;
				IPHONEOS_DEPLOYMENT_TARGET = 15.0;
				LD_RUNPATH_SEARCH_PATHS = (
					"$(inherited)",
					"@executable_path/Frameworks",
					"@loader_path/Frameworks",
				);
				MARKETING_VERSION = 1.0;
				PRODUCT_BUNDLE_IDENTIFIER = com.reidstrange.TrailviewTests;
				PRODUCT_NAME = "$(TARGET_NAME)";
				SWIFT_EMIT_LOC_STRINGS = NO;
				SWIFT_VERSION = 5.0;
				TARGETED_DEVICE_FAMILY = "1,2";
				TEST_HOST = "$(BUILT_PRODUCTS_DIR)/Trailview.app/Trailview";
			};
			name = Debug;
		};
		3028DBD5271FC72C006FC73C /* Release */ = {
			isa = XCBuildConfiguration;
			baseConfigurationReference = 08B33A2CA725540F345379A9 /* Pods-TrailviewTests.release.xcconfig */;
			buildSettings = {
				ALWAYS_EMBED_SWIFT_STANDARD_LIBRARIES = YES;
				BUNDLE_LOADER = "$(TEST_HOST)";
				CODE_SIGN_STYLE = Automatic;
				CURRENT_PROJECT_VERSION = 1;
				DEVELOPMENT_TEAM = UVQYKH2P86;
				GENERATE_INFOPLIST_FILE = YES;
				IPHONEOS_DEPLOYMENT_TARGET = 15.0;
				LD_RUNPATH_SEARCH_PATHS = (
					"$(inherited)",
					"@executable_path/Frameworks",
					"@loader_path/Frameworks",
				);
				MARKETING_VERSION = 1.0;
				PRODUCT_BUNDLE_IDENTIFIER = com.reidstrange.TrailviewTests;
				PRODUCT_NAME = "$(TARGET_NAME)";
				SWIFT_EMIT_LOC_STRINGS = NO;
				SWIFT_VERSION = 5.0;
				TARGETED_DEVICE_FAMILY = "1,2";
				TEST_HOST = "$(BUILT_PRODUCTS_DIR)/Trailview.app/Trailview";
			};
			name = Release;
		};
		3028DBD7271FC72C006FC73C /* Debug */ = {
			isa = XCBuildConfiguration;
			baseConfigurationReference = 8786BF886DE3678370778702 /* Pods-Trailview-TrailviewUITests.debug.xcconfig */;
			buildSettings = {
				ALWAYS_EMBED_SWIFT_STANDARD_LIBRARIES = YES;
				CODE_SIGN_STYLE = Automatic;
				CURRENT_PROJECT_VERSION = 1;
				DEVELOPMENT_TEAM = UVQYKH2P86;
				GENERATE_INFOPLIST_FILE = YES;
				LD_RUNPATH_SEARCH_PATHS = (
					"$(inherited)",
					"@executable_path/Frameworks",
					"@loader_path/Frameworks",
				);
				MARKETING_VERSION = 1.0;
				PRODUCT_BUNDLE_IDENTIFIER = com.reidstrange.TrailviewUITests;
				PRODUCT_NAME = "$(TARGET_NAME)";
				SWIFT_EMIT_LOC_STRINGS = NO;
				SWIFT_VERSION = 5.0;
				TARGETED_DEVICE_FAMILY = "1,2";
				TEST_TARGET_NAME = Trailview;
			};
			name = Debug;
		};
		3028DBD8271FC72C006FC73C /* Release */ = {
			isa = XCBuildConfiguration;
			baseConfigurationReference = A70A2CE327B890238147B9ED /* Pods-Trailview-TrailviewUITests.release.xcconfig */;
			buildSettings = {
				ALWAYS_EMBED_SWIFT_STANDARD_LIBRARIES = YES;
				CODE_SIGN_STYLE = Automatic;
				CURRENT_PROJECT_VERSION = 1;
				DEVELOPMENT_TEAM = UVQYKH2P86;
				GENERATE_INFOPLIST_FILE = YES;
				LD_RUNPATH_SEARCH_PATHS = (
					"$(inherited)",
					"@executable_path/Frameworks",
					"@loader_path/Frameworks",
				);
				MARKETING_VERSION = 1.0;
				PRODUCT_BUNDLE_IDENTIFIER = com.reidstrange.TrailviewUITests;
				PRODUCT_NAME = "$(TARGET_NAME)";
				SWIFT_EMIT_LOC_STRINGS = NO;
				SWIFT_VERSION = 5.0;
				TARGETED_DEVICE_FAMILY = "1,2";
				TEST_TARGET_NAME = Trailview;
			};
			name = Release;
		};
/* End XCBuildConfiguration section */

/* Begin XCConfigurationList section */
		3028DBA1271FC72A006FC73C /* Build configuration list for PBXProject "Trailview" */ = {
			isa = XCConfigurationList;
			buildConfigurations = (
				3028DBCE271FC72C006FC73C /* Debug */,
				3028DBCF271FC72C006FC73C /* Release */,
			);
			defaultConfigurationIsVisible = 0;
			defaultConfigurationName = Release;
		};
		3028DBD0271FC72C006FC73C /* Build configuration list for PBXNativeTarget "Trailview" */ = {
			isa = XCConfigurationList;
			buildConfigurations = (
				3028DBD1271FC72C006FC73C /* Debug */,
				3028DBD2271FC72C006FC73C /* Release */,
			);
			defaultConfigurationIsVisible = 0;
			defaultConfigurationName = Release;
		};
		3028DBD3271FC72C006FC73C /* Build configuration list for PBXNativeTarget "TrailviewTests" */ = {
			isa = XCConfigurationList;
			buildConfigurations = (
				3028DBD4271FC72C006FC73C /* Debug */,
				3028DBD5271FC72C006FC73C /* Release */,
			);
			defaultConfigurationIsVisible = 0;
			defaultConfigurationName = Release;
		};
		3028DBD6271FC72C006FC73C /* Build configuration list for PBXNativeTarget "TrailviewUITests" */ = {
			isa = XCConfigurationList;
			buildConfigurations = (
				3028DBD7271FC72C006FC73C /* Debug */,
				3028DBD8271FC72C006FC73C /* Release */,
			);
			defaultConfigurationIsVisible = 0;
			defaultConfigurationName = Release;
		};
/* End XCConfigurationList section */
	};
	rootObject = 3028DB9E271FC72A006FC73C /* Project object */;
}
